<?xml version="1.0" encoding="utf-8"?>
<Project ToolsVersion="4.0" xmlns="http://schemas.microsoft.com/developer/msbuild/2003">
  <ItemGroup>
    <Filter Include="entity">
      <UniqueIdentifier>{93995380-89BD-4b04-88EB-625FBE52EBFB}</UniqueIdentifier>
      <Extensions>h;hh;hpp;hxx;hm;inl;inc;xsd</Extensions>
    </Filter>
    <Filter Include="component">
      <UniqueIdentifier>{67DA6AB6-F800-4c08-8B7A-83BB121AAD01}</UniqueIdentifier>
      <Extensions>rc;ico;cur;bmp;dlg;rc2;rct;bin;rgs;gif;jpg;jpeg;jpe;resx;tiff;tif;png;wav;mfcribbon-ms</Extensions>
    </Filter>
    <Filter Include="system">
      <UniqueIdentifier>{eb354e0f-72b8-44a6-b344-7bf921552b37}</UniqueIdentifier>
    </Filter>
    <Filter Include="src">
      <UniqueIdentifier>{4FC737F1-C7A5-4376-A066-2A32D752A2FF}</UniqueIdentifier>
      <Extensions>cpp;c;cc;cxx;def;odl;idl;hpj;bat;asm;asmx</Extensions>
    </Filter>
  </ItemGroup>
  <ItemGroup>
    <ClCompile Include="main.cpp">
      <Filter>src</Filter>
    </ClCompile>
    <ClCompile Include="server.cpp">
      <Filter>src</Filter>
    </ClCompile>
    <ClCompile Include="connection_system.cpp">
      <Filter>system</Filter>
    </ClCompile>
    <ClCompile Include="tcp_listener.cpp">
      <Filter>entity</Filter>
    </ClCompile>
    <ClCompile Include="client_proxy.cpp">
      <Filter>entity</Filter>
    </ClCompile>
    <ClCompile Include="tcp_listener_component.cpp">
      <Filter>component</Filter>
    </ClCompile>
  </ItemGroup>
  <ItemGroup>
    <ClInclude Include="server.h">
      <Filter>src</Filter>
    </ClInclude>
    <ClInclude Include="connection_system.h">
      <Filter>system</Filter>
    </ClInclude>
    <ClInclude Include="server_fwd.h">
      <Filter>src</Filter>
    </ClInclude>
    <ClInclude Include="tcp_listener.h">
      <Filter>entity</Filter>
    </ClInclude>
    <ClInclude Include="tcp_listener_component.h">
      <Filter>component</Filter>
    </ClInclude>
    <ClInclude Include="client_proxy.h">
      <Filter>entity</Filter>
    </ClInclude>
    <ClInclude Include="network_component.h">
      <Filter>component</Filter>
    </ClInclude>
  </ItemGroup>
</Project>